// !$*UTF8*$!
{
	archiveVersion = 1;
	classes = {
	};
	objectVersion = 56;
	objects = {

/* Begin PBXBuildFile section */
		CE3E6ADF2B5CDC9100E0DA82 /* CaloCompassApp.swift in Sources */ = {isa = PBXBuildFile; fileRef = CE3E6ADE2B5CDC9100E0DA82 /* CaloCompassApp.swift */; };
		CE3E6AE12B5CDC9100E0DA82 /* ContentView.swift in Sources */ = {isa = PBXBuildFile; fileRef = CE3E6AE02B5CDC9100E0DA82 /* ContentView.swift */; };
		CE3E6AE32B5CDC9300E0DA82 /* Assets.xcassets in Resources */ = {isa = PBXBuildFile; fileRef = CE3E6AE22B5CDC9300E0DA82 /* Assets.xcassets */; };
		CE3E6AE62B5CDC9300E0DA82 /* Preview Assets.xcassets in Resources */ = {isa = PBXBuildFile; fileRef = CE3E6AE52B5CDC9300E0DA82 /* Preview Assets.xcassets */; };
		CE3E6AEF2B5CDF5D00E0DA82 /* FoodModel.xcdatamodeld in Sources */ = {isa = PBXBuildFile; fileRef = CE3E6AED2B5CDF5D00E0DA82 /* FoodModel.xcdatamodeld */; };
		CE3E6AF12B5CE0B000E0DA82 /* DataController.swift in Sources */ = {isa = PBXBuildFile; fileRef = CE3E6AF02B5CE0B000E0DA82 /* DataController.swift */; };
/* End PBXBuildFile section */

/* Begin PBXFileReference section */
		CE3E6ADB2B5CDC9100E0DA82 /* CaloCompass.app */ = {isa = PBXFileReference; explicitFileType = wrapper.application; includeInIndex = 0; path = CaloCompass.app; sourceTree = BUILT_PRODUCTS_DIR; };
		CE3E6ADE2B5CDC9100E0DA82 /* CaloCompassApp.swift */ = {isa = PBXFileReference; lastKnownFileType = sourcecode.swift; path = CaloCompassApp.swift; sourceTree = "<group>"; };
		CE3E6AE02B5CDC9100E0DA82 /* ContentView.swift */ = {isa = PBXFileReference; lastKnownFileType = sourcecode.swift; path = ContentView.swift; sourceTree = "<group>"; };
		CE3E6AE22B5CDC9300E0DA82 /* Assets.xcassets */ = {isa = PBXFileReference; lastKnownFileType = folder.assetcatalog; path = Assets.xcassets; sourceTree = "<group>"; };
		CE3E6AE52B5CDC9300E0DA82 /* Preview Assets.xcassets */ = {isa = PBXFileReference; lastKnownFileType = folder.assetcatalog; path = "Preview Assets.xcassets"; sourceTree = "<group>"; };
		CE3E6AEE2B5CDF5D00E0DA82 /* FoodModel.xcdatamodel */ = {isa = PBXFileReference; lastKnownFileType = wrapper.xcdatamodel; path = FoodModel.xcdatamodel; sourceTree = "<group>"; };
		CE3E6AF02B5CE0B000E0DA82 /* DataController.swift */ = {isa = PBXFileReference; lastKnownFileType = sourcecode.swift; path = DataController.swift; sourceTree = "<group>"; };
/* End PBXFileReference section */

/* Begin PBXFrameworksBuildPhase section */
		CE3E6AD82B5CDC9100E0DA82 /* Frameworks */ = {
			isa = PBXFrameworksBuildPhase;
			buildActionMask = 2147483647;
			files = (
			);
			runOnlyForDeploymentPostprocessing = 0;
		};
/* End PBXFrameworksBuildPhase section */

/* Begin PBXGroup section */
		CE3E6AD22B5CDC9000E0DA82 = {
			isa = PBXGroup;
			children = (
				CE3E6ADD2B5CDC9100E0DA82 /* CaloCompass */,
				CE3E6ADC2B5CDC9100E0DA82 /* Products */,
			);
			sourceTree = "<group>";
		};
		CE3E6ADC2B5CDC9100E0DA82 /* Products */ = {
			isa = PBXGroup;
			children = (
				CE3E6ADB2B5CDC9100E0DA82 /* CaloCompass.app */,
			);
			name = Products;
			sourceTree = "<group>";
		};
		CE3E6ADD2B5CDC9100E0DA82 /* CaloCompass */ = {
			isa = PBXGroup;
			children = (
				CE3E6ADE2B5CDC9100E0DA82 /* CaloCompassApp.swift */,
				CE3E6AF32B5CF0C900E0DA82 /* Helpers */,
				CE3E6AF22B5CF0BA00E0DA82 /* Views */,
				CE3E6AE02B5CDC9100E0DA82 /* ContentView.swift */,
				CE3E6AEC2B5CDF2400E0DA82 /* DataModel */,
				CE3E6AE22B5CDC9300E0DA82 /* Assets.xcassets */,
				CE3E6AE42B5CDC9300E0DA82 /* Preview Content */,
			);
			path = CaloCompass;
			sourceTree = "<group>";
		};
		CE3E6AE42B5CDC9300E0DA82 /* Preview Content */ = {
			isa = PBXGroup;
			children = (
				CE3E6AE52B5CDC9300E0DA82 /* Preview Assets.xcassets */,
			);
			path = "Preview Content";
			sourceTree = "<group>";
		};
		CE3E6AEC2B5CDF2400E0DA82 /* DataModel */ = {
			isa = PBXGroup;
			children = (
				CE3E6AED2B5CDF5D00E0DA82 /* FoodModel.xcdatamodeld */,
				CE3E6AF02B5CE0B000E0DA82 /* DataController.swift */,
			);
			path = DataModel;
			sourceTree = "<group>";
		};
		CE3E6AF22B5CF0BA00E0DA82 /* Views */ = {
			isa = PBXGroup;
			children = (
			);
			path = Views;
			sourceTree = "<group>";
		};
		CE3E6AF32B5CF0C900E0DA82 /* Helpers */ = {
			isa = PBXGroup;
			children = (
			);
			path = Helpers;
			sourceTree = "<group>";
		};
/* End PBXGroup section */

/* Begin PBXNativeTarget section */
		CE3E6ADA2B5CDC9100E0DA82 /* CaloCompass */ = {
			isa = PBXNativeTarget;
			buildConfigurationList = CE3E6AE92B5CDC9300E0DA82 /* Build configuration list for PBXNativeTarget "CaloCompass" */;
			buildPhases = (
				CE3E6AD72B5CDC9100E0DA82 /* Sources */,
				CE3E6AD82B5CDC9100E0DA82 /* Frameworks */,
				CE3E6AD92B5CDC9100E0DA82 /* Resources */,
			);
			buildRules = (
			);
			dependencies = (
			);
			name = CaloCompass;
			productName = CaloCompass;
			productReference = CE3E6ADB2B5CDC9100E0DA82 /* CaloCompass.app */;
			productType = "com.apple.product-type.application";
		};
/* End PBXNativeTarget section */

/* Begin PBXProject section */
		CE3E6AD32B5CDC9000E0DA82 /* Project object */ = {
			isa = PBXProject;
			attributes = {
				BuildIndependentTargetsInParallel = 1;
				LastSwiftUpdateCheck = 1410;
				LastUpgradeCheck = 1410;
				TargetAttributes = {
					CE3E6ADA2B5CDC9100E0DA82 = {
						CreatedOnToolsVersion = 14.1;
					};
				};
			};
			buildConfigurationList = CE3E6AD62B5CDC9000E0DA82 /* Build configuration list for PBXProject "CaloCompass" */;
			compatibilityVersion = "Xcode 14.0";
			developmentRegion = en;
			hasScannedForEncodings = 0;
			knownRegions = (
				en,
				Base,
			);
			mainGroup = CE3E6AD22B5CDC9000E0DA82;
			productRefGroup = CE3E6ADC2B5CDC9100E0DA82 /* Products */;
			projectDirPath = "";
			projectRoot = "";
			targets = (
				CE3E6ADA2B5CDC9100E0DA82 /* CaloCompass */,
			);
		};
/* End PBXProject section */

/* Begin PBXResourcesBuildPhase section */
		CE3E6AD92B5CDC9100E0DA82 /* Resources */ = {
			isa = PBXResourcesBuildPhase;
			buildActionMask = 2147483647;
			files = (
				CE3E6AE62B5CDC9300E0DA82 /* Preview Assets.xcassets in Resources */,
				CE3E6AE32B5CDC9300E0DA82 /* Assets.xcassets in Resources */,
			);
			runOnlyForDeploymentPostprocessing = 0;
		};
/* End PBXResourcesBuildPhase section */

/* Begin PBXSourcesBuildPhase section */
		CE3E6AD72B5CDC9100E0DA82 /* Sources */ = {
			isa = PBXSourcesBuildPhase;
			buildActionMask = 2147483647;
			files = (
				CE3E6AE12B5CDC9100E0DA82 /* ContentView.swift in Sources */,
				CE3E6AF12B5CE0B000E0DA82 /* DataController.swift in Sources */,
				CE3E6ADF2B5CDC9100E0DA82 /* CaloCompassApp.swift in Sources */,
				CE3E6AEF2B5CDF5D00E0DA82 /* FoodModel.xcdatamodeld in Sources */,
			);
			runOnlyForDeploymentPostprocessing = 0;
		};
/* End PBXSourcesBuildPhase section */

/* Begin XCBuildConfiguration section */
		CE3E6AE72B5CDC9300E0DA82 /* Debug */ = {
			isa = XCBuildConfiguration;
			buildSettings = {
				ALWAYS_SEARCH_USER_PATHS = NO;
				CLANG_ANALYZER_NONNULL = YES;
				CLANG_ANALYZER_NUMBER_OBJECT_CONVERSION = YES_AGGRESSIVE;
				CLANG_CXX_LANGUAGE_STANDARD = "gnu++20";
				CLANG_ENABLE_MODULES = YES;
				CLANG_ENABLE_OBJC_ARC = YES;
				CLANG_ENABLE_OBJC_WEAK = YES;
				CLANG_WARN_BLOCK_CAPTURE_AUTORELEASING = YES;
				CLANG_WARN_BOOL_CONVERSION = YES;
				CLANG_WARN_COMMA = YES;
				CLANG_WARN_CONSTANT_CONVERSION = YES;
				CLANG_WARN_DEPRECATED_OBJC_IMPLEMENTATIONS = YES;
				CLANG_WARN_DIRECT_OBJC_ISA_USAGE = YES_ERROR;
				CLANG_WARN_DOCUMENTATION_COMMENTS = YES;
				CLANG_WARN_EMPTY_BODY = YES;
				CLANG_WARN_ENUM_CONVERSION = YES;
				CLANG_WARN_INFINITE_RECURSION = YES;
				CLANG_WARN_INT_CONVERSION = YES;
				CLANG_WARN_NON_LITERAL_NULL_CONVERSION = YES;
				CLANG_WARN_OBJC_IMPLICIT_RETAIN_SELF = YES;
				CLANG_WARN_OBJC_LITERAL_CONVERSION = YES;
				CLANG_WARN_OBJC_ROOT_CLASS = YES_ERROR;
				CLANG_WARN_QUOTED_INCLUDE_IN_FRAMEWORK_HEADER = YES;
				CLANG_WARN_RANGE_LOOP_ANALYSIS = YES;
				CLANG_WARN_STRICT_PROTOTYPES = YES;
				CLANG_WARN_SUSPICIOUS_MOVE = YES;
				CLANG_WARN_UNGUARDED_AVAILABILITY = YES_AGGRESSIVE;
				CLANG_WARN_UNREACHABLE_CODE = YES;
				CLANG_WARN__DUPLICATE_METHOD_MATCH = YES;
				COPY_PHASE_STRIP = NO;
				DEBUG_INFORMATION_FORMAT = dwarf;
				ENABLE_STRICT_OBJC_MSGSEND = YES;
				ENABLE_TESTABILITY = YES;
				GCC_C_LANGUAGE_STANDARD = gnu11;
				GCC_DYNAMIC_NO_PIC = NO;
				GCC_NO_COMMON_BLOCKS = YES;
				GCC_OPTIMIZATION_LEVEL = 0;
				GCC_PREPROCESSOR_DEFINITIONS = (
					"DEBUG=1",
					"$(inherited)",
				);
				GCC_WARN_64_TO_32_BIT_CONVERSION = YES;
				GCC_WARN_ABOUT_RETURN_TYPE = YES_ERROR;
				GCC_WARN_UNDECLARED_SELECTOR = YES;
				GCC_WARN_UNINITIALIZED_AUTOS = YES_AGGRESSIVE;
				GCC_WARN_UNUSED_FUNCTION = YES;
				GCC_WARN_UNUSED_VARIABLE = YES;
				IPHONEOS_DEPLOYMENT_TARGET = 16.1;
				MTL_ENABLE_DEBUG_INFO = INCLUDE_SOURCE;
				MTL_FAST_MATH = YES;
				ONLY_ACTIVE_ARCH = YES;
				SDKROOT = iphoneos;
				SWIFT_ACTIVE_COMPILATION_CONDITIONS = DEBUG;
				SWIFT_OPTIMIZATION_LEVEL = "-Onone";
			};
			name = Debug;
		};
		CE3E6AE82B5CDC9300E0DA82 /* Release */ = {
			isa = XCBuildConfiguration;
			buildSettings = {
				ALWAYS_SEARCH_USER_PATHS = NO;
				CLANG_ANALYZER_NONNULL = YES;
				CLANG_ANALYZER_NUMBER_OBJECT_CONVERSION = YES_AGGRESSIVE;
				CLANG_CXX_LANGUAGE_STANDARD = "gnu++20";
				CLANG_ENABLE_MODULES = YES;
				CLANG_ENABLE_OBJC_ARC = YES;
				CLANG_ENABLE_OBJC_WEAK = YES;
				CLANG_WARN_BLOCK_CAPTURE_AUTORELEASING = YES;
				CLANG_WARN_BOOL_CONVERSION = YES;
				CLANG_WARN_COMMA = YES;
				CLANG_WARN_CONSTANT_CONVERSION = YES;
				CLANG_WARN_DEPRECATED_OBJC_IMPLEMENTATIONS = YES;
				CLANG_WARN_DIRECT_OBJC_ISA_USAGE = YES_ERROR;
				CLANG_WARN_DOCUMENTATION_COMMENTS = YES;
				CLANG_WARN_EMPTY_BODY = YES;
				CLANG_WARN_ENUM_CONVERSION = YES;
				CLANG_WARN_INFINITE_RECURSION = YES;
				CLANG_WARN_INT_CONVERSION = YES;
				CLANG_WARN_NON_LITERAL_NULL_CONVERSION = YES;
				CLANG_WARN_OBJC_IMPLICIT_RETAIN_SELF = YES;
				CLANG_WARN_OBJC_LITERAL_CONVERSION = YES;
				CLANG_WARN_OBJC_ROOT_CLASS = YES_ERROR;
				CLANG_WARN_QUOTED_INCLUDE_IN_FRAMEWORK_HEADER = YES;
				CLANG_WARN_RANGE_LOOP_ANALYSIS = YES;
				CLANG_WARN_STRICT_PROTOTYPES = YES;
				CLANG_WARN_SUSPICIOUS_MOVE = YES;
				CLANG_WARN_UNGUARDED_AVAILABILITY = YES_AGGRESSIVE;
				CLANG_WARN_UNREACHABLE_CODE = YES;
				CLANG_WARN__DUPLICATE_METHOD_MATCH = YES;
				COPY_PHASE_STRIP = NO;
				DEBUG_INFORMATION_FORMAT = "dwarf-with-dsym";
				ENABLE_NS_ASSERTIONS = NO;
				ENABLE_STRICT_OBJC_MSGSEND = YES;
				GCC_C_LANGUAGE_STANDARD = gnu11;
				GCC_NO_COMMON_BLOCKS = YES;
				GCC_WARN_64_TO_32_BIT_CONVERSION = YES;
				GCC_WARN_ABOUT_RETURN_TYPE = YES_ERROR;
				GCC_WARN_UNDECLARED_SELECTOR = YES;
				GCC_WARN_UNINITIALIZED_AUTOS = YES_AGGRESSIVE;
				GCC_WARN_UNUSED_FUNCTION = YES;
				GCC_WARN_UNUSED_VARIABLE = YES;
				IPHONEOS_DEPLOYMENT_TARGET = 16.1;
				MTL_ENABLE_DEBUG_INFO = NO;
				MTL_FAST_MATH = YES;
				SDKROOT = iphoneos;
				SWIFT_COMPILATION_MODE = wholemodule;
				SWIFT_OPTIMIZATION_LEVEL = "-O";
				VALIDATE_PRODUCT = YES;
			};
			name = Release;
		};
		CE3E6AEA2B5CDC9300E0DA82 /* Debug */ = {
			isa = XCBuildConfiguration;
			buildSettings = {
				ASSETCATALOG_COMPILER_APPICON_NAME = AppIcon;
				ASSETCATALOG_COMPILER_GLOBAL_ACCENT_COLOR_NAME = AccentColor;
				CODE_SIGN_STYLE = Automatic;
				CURRENT_PROJECT_VERSION = 1;
				DEVELOPMENT_ASSET_PATHS = "\"CaloCompass/Preview Content\"";
				DEVELOPMENT_TEAM = F9GL24RSF8;
				ENABLE_PREVIEWS = YES;
				GENERATE_INFOPLIST_FILE = YES;
				INFOPLIST_KEY_UIApplicationSceneManifest_Generation = YES;
				INFOPLIST_KEY_UIApplicationSupportsIndirectInputEvents = YES;
				INFOPLIST_KEY_UILaunchScreen_Generation = YES;
				INFOPLIST_KEY_UISupportedInterfaceOrientations_iPad = "UIInterfaceOrientationPortrait UIInterfaceOrientationPortraitUpsideDown UIInterfaceOrientationLandscapeLeft UIInterfaceOrientationLandscapeRight";
				INFOPLIST_KEY_UISupportedInterfaceOrientations_iPhone = "UIInterfaceOrientationPortrait UIInterfaceOrientationLandscapeLeft UIInterfaceOrientationLandscapeRight";
				LD_RUNPATH_SEARCH_PATHS = (
					"$(inherited)",
					"@executable_path/Frameworks",
				);
				MARKETING_VERSION = 1.0;
				PRODUCT_BUNDLE_IDENTIFIER = com.znun.CaloCompass;
				PRODUCT_NAME = "$(TARGET_NAME)";
				SWIFT_EMIT_LOC_STRINGS = YES;
				SWIFT_VERSION = 5.0;
				TARGETED_DEVICE_FAMILY = "1,2";
			};
			name = Debug;
		};
		CE3E6AEB2B5CDC9300E0DA82 /* Release */ = {
			isa = XCBuildConfiguration;
			buildSettings = {
				ASSETCATALOG_COMPILER_APPICON_NAME = AppIcon;
				ASSETCATALOG_COMPILER_GLOBAL_ACCENT_COLOR_NAME = AccentColor;
				CODE_SIGN_STYLE = Automatic;
				CURRENT_PROJECT_VERSION = 1;
				DEVELOPMENT_ASSET_PATHS = "\"CaloCompass/Preview Content\"";
				DEVELOPMENT_TEAM = F9GL24RSF8;
				ENABLE_PREVIEWS = YES;
				GENERATE_INFOPLIST_FILE = YES;
				INFOPLIST_KEY_UIApplicationSceneManifest_Generation = YES;
				INFOPLIST_KEY_UIApplicationSupportsIndirectInputEvents = YES;
				INFOPLIST_KEY_UILaunchScreen_Generation = YES;
				INFOPLIST_KEY_UISupportedInterfaceOrientations_iPad = "UIInterfaceOrientationPortrait UIInterfaceOrientationPortraitUpsideDown UIInterfaceOrientationLandscapeLeft UIInterfaceOrientationLandscapeRight";
				INFOPLIST_KEY_UISupportedInterfaceOrientations_iPhone = "UIInterfaceOrientationPortrait UIInterfaceOrientationLandscapeLeft UIInterfaceOrientationLandscapeRight";
				LD_RUNPATH_SEARCH_PATHS = (
					"$(inherited)",
					"@executable_path/Frameworks",
				);
				MARKETING_VERSION = 1.0;
				PRODUCT_BUNDLE_IDENTIFIER = com.znun.CaloCompass;
				PRODUCT_NAME = "$(TARGET_NAME)";
				SWIFT_EMIT_LOC_STRINGS = YES;
				SWIFT_VERSION = 5.0;
				TARGETED_DEVICE_FAMILY = "1,2";
			};
			name = Release;
		};
/* End XCBuildConfiguration section */

/* Begin XCConfigurationList section */
		CE3E6AD62B5CDC9000E0DA82 /* Build configuration list for PBXProject "CaloCompass" */ = {
			isa = XCConfigurationList;
			buildConfigurations = (
				CE3E6AE72B5CDC9300E0DA82 /* Debug */,
				CE3E6AE82B5CDC9300E0DA82 /* Release */,
			);
			defaultConfigurationIsVisible = 0;
			defaultConfigurationName = Release;
		};
		CE3E6AE92B5CDC9300E0DA82 /* Build configuration list for PBXNativeTarget "CaloCompass" */ = {
			isa = XCConfigurationList;
			buildConfigurations = (
				CE3E6AEA2B5CDC9300E0DA82 /* Debug */,
				CE3E6AEB2B5CDC9300E0DA82 /* Release */,
			);
			defaultConfigurationIsVisible = 0;
			defaultConfigurationName = Release;
		};
/* End XCConfigurationList section */

/* Begin XCVersionGroup section */
		CE3E6AED2B5CDF5D00E0DA82 /* FoodModel.xcdatamodeld */ = {
			isa = XCVersionGroup;
			children = (
				CE3E6AEE2B5CDF5D00E0DA82 /* FoodModel.xcdatamodel */,
			);
			currentVersion = CE3E6AEE2B5CDF5D00E0DA82 /* FoodModel.xcdatamodel */;
			path = FoodModel.xcdatamodeld;
			sourceTree = "<group>";
			versionGroupType = wrapper.xcdatamodel;
		};
/* End XCVersionGroup section */
	};
	rootObject = CE3E6AD32B5CDC9000E0DA82 /* Project object */;
}
